// !$*UTF8*$!
{
	archiveVersion = 1;
	classes = {
	};
	objectVersion = 56;
	objects = {

/* Begin PBXBuildFile section */
		5A3F23912AF32288008BE20F /* ListNavDemoApp.swift in Sources */ = {isa = PBXBuildFile; fileRef = 5A3F23902AF32288008BE20F /* ListNavDemoApp.swift */; };
		5A3F23932AF32288008BE20F /* ContentView.swift in Sources */ = {isa = PBXBuildFile; fileRef = 5A3F23922AF32288008BE20F /* ContentView.swift */; };
		5A3F23952AF32288008BE20F /* Assets.xcassets in Resources */ = {isa = PBXBuildFile; fileRef = 5A3F23942AF32288008BE20F /* Assets.xcassets */; };
		5A3F23982AF32288008BE20F /* Preview Assets.xcassets in Resources */ = {isa = PBXBuildFile; fileRef = 5A3F23972AF32288008BE20F /* Preview Assets.xcassets */; };
		5A3F23A22AF32289008BE20F /* ListNavDemoTests.swift in Sources */ = {isa = PBXBuildFile; fileRef = 5A3F23A12AF32289008BE20F /* ListNavDemoTests.swift */; };
		5A3F23AC2AF32289008BE20F /* ListNavDemoUITests.swift in Sources */ = {isa = PBXBuildFile; fileRef = 5A3F23AB2AF32289008BE20F /* ListNavDemoUITests.swift */; };
		5A3F23AE2AF32289008BE20F /* ListNavDemoUITestsLaunchTests.swift in Sources */ = {isa = PBXBuildFile; fileRef = 5A3F23AD2AF32289008BE20F /* ListNavDemoUITestsLaunchTests.swift */; };
		5A3F23BB2AF324CA008BE20F /* CarAssets.xcassets in Resources */ = {isa = PBXBuildFile; fileRef = 5A3F23BA2AF324C9008BE20F /* CarAssets.xcassets */; };
		5A3F23BF2AF3251A008BE20F /* CarAssets.xcassets in Resources */ = {isa = PBXBuildFile; fileRef = 5A3F23BE2AF3251A008BE20F /* CarAssets.xcassets */; };
		5A3F23C12AF3252A008BE20F /* carData.json in Resources */ = {isa = PBXBuildFile; fileRef = 5A3F23C02AF3252A008BE20F /* carData.json */; };
		5A3F23C72AF327A0008BE20F /* Car.swift in Sources */ = {isa = PBXBuildFile; fileRef = 5A3F23C62AF327A0008BE20F /* Car.swift */; };
		5A3F23C92AF327F1008BE20F /* CarData.swift in Sources */ = {isa = PBXBuildFile; fileRef = 5A3F23C82AF327F1008BE20F /* CarData.swift */; };
		5A3F23CB2AF32E32008BE20F /* CarStore.swift in Sources */ = {isa = PBXBuildFile; fileRef = 5A3F23CA2AF32E32008BE20F /* CarStore.swift */; };
		5A3F23CE2AF33313008BE20F /* CarDetail.swift in Sources */ = {isa = PBXBuildFile; fileRef = 5A3F23CD2AF33313008BE20F /* CarDetail.swift */; };
/* End PBXBuildFile section */

/* Begin PBXContainerItemProxy section */
		5A3F239E2AF32289008BE20F /* PBXContainerItemProxy */ = {
			isa = PBXContainerItemProxy;
			containerPortal = 5A3F23852AF32288008BE20F /* Project object */;
			proxyType = 1;
			remoteGlobalIDString = 5A3F238C2AF32288008BE20F;
			remoteInfo = ListNavDemo;
		};
		5A3F23A82AF32289008BE20F /* PBXContainerItemProxy */ = {
			isa = PBXContainerItemProxy;
			containerPortal = 5A3F23852AF32288008BE20F /* Project object */;
			proxyType = 1;
			remoteGlobalIDString = 5A3F238C2AF32288008BE20F;
			remoteInfo = ListNavDemo;
		};
/* End PBXContainerItemProxy section */

/* Begin PBXFileReference section */
		5A3F238D2AF32288008BE20F /* ListNavDemo.app */ = {isa = PBXFileReference; explicitFileType = wrapper.application; includeInIndex = 0; path = ListNavDemo.app; sourceTree = BUILT_PRODUCTS_DIR; };
		5A3F23902AF32288008BE20F /* ListNavDemoApp.swift */ = {isa = PBXFileReference; lastKnownFileType = sourcecode.swift; path = ListNavDemoApp.swift; sourceTree = "<group>"; };
		5A3F23922AF32288008BE20F /* ContentView.swift */ = {isa = PBXFileReference; lastKnownFileType = sourcecode.swift; path = ContentView.swift; sourceTree = "<group>"; };
		5A3F23942AF32288008BE20F /* Assets.xcassets */ = {isa = PBXFileReference; lastKnownFileType = folder.assetcatalog; path = Assets.xcassets; sourceTree = "<group>"; };
		5A3F23972AF32288008BE20F /* Preview Assets.xcassets */ = {isa = PBXFileReference; lastKnownFileType = folder.assetcatalog; path = "Preview Assets.xcassets"; sourceTree = "<group>"; };
		5A3F239D2AF32289008BE20F /* ListNavDemoTests.xctest */ = {isa = PBXFileReference; explicitFileType = wrapper.cfbundle; includeInIndex = 0; path = ListNavDemoTests.xctest; sourceTree = BUILT_PRODUCTS_DIR; };
		5A3F23A12AF32289008BE20F /* ListNavDemoTests.swift */ = {isa = PBXFileReference; lastKnownFileType = sourcecode.swift; path = ListNavDemoTests.swift; sourceTree = "<group>"; };
		5A3F23A72AF32289008BE20F /* ListNavDemoUITests.xctest */ = {isa = PBXFileReference; explicitFileType = wrapper.cfbundle; includeInIndex = 0; path = ListNavDemoUITests.xctest; sourceTree = BUILT_PRODUCTS_DIR; };
		5A3F23AB2AF32289008BE20F /* ListNavDemoUITests.swift */ = {isa = PBXFileReference; lastKnownFileType = sourcecode.swift; path = ListNavDemoUITests.swift; sourceTree = "<group>"; };
		5A3F23AD2AF32289008BE20F /* ListNavDemoUITestsLaunchTests.swift */ = {isa = PBXFileReference; lastKnownFileType = sourcecode.swift; path = ListNavDemoUITestsLaunchTests.swift; sourceTree = "<group>"; };
		5A3F23BA2AF324C9008BE20F /* CarAssets.xcassets */ = {isa = PBXFileReference; lastKnownFileType = folder.assetcatalog; name = CarAssets.xcassets; path = "../../../../../../../../../Downloads/SwiftUI-iOS16-CodeSamples/CarAssets.xcassets"; sourceTree = "<group>"; };
		5A3F23BE2AF3251A008BE20F /* CarAssets.xcassets */ = {isa = PBXFileReference; lastKnownFileType = folder.assetcatalog; name = CarAssets.xcassets; path = "../../../../../../../../../.Trash/SwiftUI-iOS16-CodeSamples/CarAssets.xcassets"; sourceTree = "<group>"; };
		5A3F23C02AF3252A008BE20F /* carData.json */ = {isa = PBXFileReference; fileEncoding = 4; lastKnownFileType = text.json; name = carData.json; path = "../../../../../../../../../.Trash/SwiftUI-iOS16-CodeSamples/CarData/carData.json"; sourceTree = "<group>"; };
		5A3F23C62AF327A0008BE20F /* Car.swift */ = {isa = PBXFileReference; lastKnownFileType = sourcecode.swift; path = Car.swift; sourceTree = "<group>"; };
		5A3F23C82AF327F1008BE20F /* CarData.swift */ = {isa = PBXFileReference; lastKnownFileType = sourcecode.swift; path = CarData.swift; sourceTree = "<group>"; };
		5A3F23CA2AF32E32008BE20F /* CarStore.swift */ = {isa = PBXFileReference; lastKnownFileType = sourcecode.swift; path = CarStore.swift; sourceTree = "<group>"; };
		5A3F23CD2AF33313008BE20F /* CarDetail.swift */ = {isa = PBXFileReference; lastKnownFileType = sourcecode.swift; path = CarDetail.swift; sourceTree = "<group>"; };
/* End PBXFileReference section */

/* Begin PBXFrameworksBuildPhase section */
		5A3F238A2AF32288008BE20F /* Frameworks */ = {
			isa = PBXFrameworksBuildPhase;
			buildActionMask = 2147483647;
			files = (
			);
			runOnlyForDeploymentPostprocessing = 0;
		};
		5A3F239A2AF32289008BE20F /* Frameworks */ = {
			isa = PBXFrameworksBuildPhase;
			buildActionMask = 2147483647;
			files = (
			);
			runOnlyForDeploymentPostprocessing = 0;
		};
		5A3F23A42AF32289008BE20F /* Frameworks */ = {
			isa = PBXFrameworksBuildPhase;
			buildActionMask = 2147483647;
			files = (
			);
			runOnlyForDeploymentPostprocessing = 0;
		};
/* End PBXFrameworksBuildPhase section */

/* Begin PBXGroup section */
		5A3F23842AF32288008BE20F = {
			isa = PBXGroup;
			children = (
				5A3F238F2AF32288008BE20F /* ListNavDemo */,
				5A3F23A02AF32289008BE20F /* ListNavDemoTests */,
				5A3F23AA2AF32289008BE20F /* ListNavDemoUITests */,
				5A3F238E2AF32288008BE20F /* Products */,
			);
			sourceTree = "<group>";
		};
		5A3F238E2AF32288008BE20F /* Products */ = {
			isa = PBXGroup;
			children = (
				5A3F238D2AF32288008BE20F /* ListNavDemo.app */,
				5A3F239D2AF32289008BE20F /* ListNavDemoTests.xctest */,
				5A3F23A72AF32289008BE20F /* ListNavDemoUITests.xctest */,
			);
			name = Products;
			sourceTree = "<group>";
		};
		5A3F238F2AF32288008BE20F /* ListNavDemo */ = {
			isa = PBXGroup;
			children = (
				5A3F23CC2AF32EDA008BE20F /* Views */,
				5A3F23C52AF32794008BE20F /* Models */,
				5A3F23902AF32288008BE20F /* ListNavDemoApp.swift */,
				5A3F23942AF32288008BE20F /* Assets.xcassets */,
				5A3F23BE2AF3251A008BE20F /* CarAssets.xcassets */,
				5A3F23C02AF3252A008BE20F /* carData.json */,
				5A3F23962AF32288008BE20F /* Preview Content */,
			);
			path = ListNavDemo;
			sourceTree = "<group>";
		};
		5A3F23962AF32288008BE20F /* Preview Content */ = {
			isa = PBXGroup;
			children = (
				5A3F23972AF32288008BE20F /* Preview Assets.xcassets */,
			);
			path = "Preview Content";
			sourceTree = "<group>";
		};
		5A3F23A02AF32289008BE20F /* ListNavDemoTests */ = {
			isa = PBXGroup;
			children = (
				5A3F23A12AF32289008BE20F /* ListNavDemoTests.swift */,
			);
			path = ListNavDemoTests;
			sourceTree = "<group>";
		};
		5A3F23AA2AF32289008BE20F /* ListNavDemoUITests */ = {
			isa = PBXGroup;
			children = (
				5A3F23BA2AF324C9008BE20F /* CarAssets.xcassets */,
				5A3F23AB2AF32289008BE20F /* ListNavDemoUITests.swift */,
				5A3F23AD2AF32289008BE20F /* ListNavDemoUITestsLaunchTests.swift */,
			);
			path = ListNavDemoUITests;
			sourceTree = "<group>";
		};
		5A3F23C52AF32794008BE20F /* Models */ = {
			isa = PBXGroup;
			children = (
				5A3F23C62AF327A0008BE20F /* Car.swift */,
				5A3F23C82AF327F1008BE20F /* CarData.swift */,
				5A3F23CA2AF32E32008BE20F /* CarStore.swift */,
			);
			path = Models;
			sourceTree = "<group>";
		};
		5A3F23CC2AF32EDA008BE20F /* Views */ = {
			isa = PBXGroup;
			children = (
				5A3F23922AF32288008BE20F /* ContentView.swift */,
				5A3F23CD2AF33313008BE20F /* CarDetail.swift */,
			);
			path = Views;
			sourceTree = "<group>";
		};
/* End PBXGroup section */

/* Begin PBXNativeTarget section */
		5A3F238C2AF32288008BE20F /* ListNavDemo */ = {
			isa = PBXNativeTarget;
			buildConfigurationList = 5A3F23B12AF32289008BE20F /* Build configuration list for PBXNativeTarget "ListNavDemo" */;
			buildPhases = (
				5A3F23892AF32288008BE20F /* Sources */,
				5A3F238A2AF32288008BE20F /* Frameworks */,
				5A3F238B2AF32288008BE20F /* Resources */,
			);
			buildRules = (
			);
			dependencies = (
			);
			name = ListNavDemo;
			productName = ListNavDemo;
			productReference = 5A3F238D2AF32288008BE20F /* ListNavDemo.app */;
			productType = "com.apple.product-type.application";
		};
		5A3F239C2AF32289008BE20F /* ListNavDemoTests */ = {
			isa = PBXNativeTarget;
			buildConfigurationList = 5A3F23B42AF32289008BE20F /* Build configuration list for PBXNativeTarget "ListNavDemoTests" */;
			buildPhases = (
				5A3F23992AF32289008BE20F /* Sources */,
				5A3F239A2AF32289008BE20F /* Frameworks */,
				5A3F239B2AF32289008BE20F /* Resources */,
			);
			buildRules = (
			);
			dependencies = (
				5A3F239F2AF32289008BE20F /* PBXTargetDependency */,
			);
			name = ListNavDemoTests;
			productName = ListNavDemoTests;
			productReference = 5A3F239D2AF32289008BE20F /* ListNavDemoTests.xctest */;
			productType = "com.apple.product-type.bundle.unit-test";
		};
		5A3F23A62AF32289008BE20F /* ListNavDemoUITests */ = {
			isa = PBXNativeTarget;
			buildConfigurationList = 5A3F23B72AF32289008BE20F /* Build configuration list for PBXNativeTarget "ListNavDemoUITests" */;
			buildPhases = (
				5A3F23A32AF32289008BE20F /* Sources */,
				5A3F23A42AF32289008BE20F /* Frameworks */,
				5A3F23A52AF32289008BE20F /* Resources */,
			);
			buildRules = (
			);
			dependencies = (
				5A3F23A92AF32289008BE20F /* PBXTargetDependency */,
			);
			name = ListNavDemoUITests;
			productName = ListNavDemoUITests;
			productReference = 5A3F23A72AF32289008BE20F /* ListNavDemoUITests.xctest */;
			productType = "com.apple.product-type.bundle.ui-testing";
		};
/* End PBXNativeTarget section */

/* Begin PBXProject section */
		5A3F23852AF32288008BE20F /* Project object */ = {
			isa = PBXProject;
			attributes = {
				BuildIndependentTargetsInParallel = 1;
				LastSwiftUpdateCheck = 1430;
				LastUpgradeCheck = 1430;
				TargetAttributes = {
					5A3F238C2AF32288008BE20F = {
						CreatedOnToolsVersion = 14.3.1;
					};
					5A3F239C2AF32289008BE20F = {
						CreatedOnToolsVersion = 14.3.1;
						TestTargetID = 5A3F238C2AF32288008BE20F;
					};
					5A3F23A62AF32289008BE20F = {
						CreatedOnToolsVersion = 14.3.1;
						TestTargetID = 5A3F238C2AF32288008BE20F;
					};
				};
			};
			buildConfigurationList = 5A3F23882AF32288008BE20F /* Build configuration list for PBXProject "ListNavDemo" */;
			compatibilityVersion = "Xcode 14.0";
			developmentRegion = en;
			hasScannedForEncodings = 0;
			knownRegions = (
				en,
				Base,
			);
			mainGroup = 5A3F23842AF32288008BE20F;
			productRefGroup = 5A3F238E2AF32288008BE20F /* Products */;
			projectDirPath = "";
			projectRoot = "";
			targets = (
				5A3F238C2AF32288008BE20F /* ListNavDemo */,
				5A3F239C2AF32289008BE20F /* ListNavDemoTests */,
				5A3F23A62AF32289008BE20F /* ListNavDemoUITests */,
			);
		};
/* End PBXProject section */

/* Begin PBXResourcesBuildPhase section */
		5A3F238B2AF32288008BE20F /* Resources */ = {
			isa = PBXResourcesBuildPhase;
			buildActionMask = 2147483647;
			files = (
				5A3F23C12AF3252A008BE20F /* carData.json in Resources */,
				5A3F23982AF32288008BE20F /* Preview Assets.xcassets in Resources */,
				5A3F23952AF32288008BE20F /* Assets.xcassets in Resources */,
				5A3F23BF2AF3251A008BE20F /* CarAssets.xcassets in Resources */,
			);
			runOnlyForDeploymentPostprocessing = 0;
		};
		5A3F239B2AF32289008BE20F /* Resources */ = {
			isa = PBXResourcesBuildPhase;
			buildActionMask = 2147483647;
			files = (
			);
			runOnlyForDeploymentPostprocessing = 0;
		};
		5A3F23A52AF32289008BE20F /* Resources */ = {
			isa = PBXResourcesBuildPhase;
			buildActionMask = 2147483647;
			files = (
				5A3F23BB2AF324CA008BE20F /* CarAssets.xcassets in Resources */,
			);
			runOnlyForDeploymentPostprocessing = 0;
		};
/* End PBXResourcesBuildPhase section */

/* Begin PBXSourcesBuildPhase section */
		5A3F23892AF32288008BE20F /* Sources */ = {
			isa = PBXSourcesBuildPhase;
			buildActionMask = 2147483647;
			files = (
				5A3F23C92AF327F1008BE20F /* CarData.swift in Sources */,
				5A3F23932AF32288008BE20F /* ContentView.swift in Sources */,
				5A3F23912AF32288008BE20F /* ListNavDemoApp.swift in Sources */,
				5A3F23CE2AF33313008BE20F /* CarDetail.swift in Sources */,
				5A3F23C72AF327A0008BE20F /* Car.swift in Sources */,
				5A3F23CB2AF32E32008BE20F /* CarStore.swift in Sources */,
			);
			runOnlyForDeploymentPostprocessing = 0;
		};
		5A3F23992AF32289008BE20F /* Sources */ = {
			isa = PBXSourcesBuildPhase;
			buildActionMask = 2147483647;
			files = (
				5A3F23A22AF32289008BE20F /* ListNavDemoTests.swift in Sources */,
			);
			runOnlyForDeploymentPostprocessing = 0;
		};
		5A3F23A32AF32289008BE20F /* Sources */ = {
			isa = PBXSourcesBuildPhase;
			buildActionMask = 2147483647;
			files = (
				5A3F23AC2AF32289008BE20F /* ListNavDemoUITests.swift in Sources */,
				5A3F23AE2AF32289008BE20F /* ListNavDemoUITestsLaunchTests.swift in Sources */,
			);
			runOnlyForDeploymentPostprocessing = 0;
		};
/* End PBXSourcesBuildPhase section */

/* Begin PBXTargetDependency section */
		5A3F239F2AF32289008BE20F /* PBXTargetDependency */ = {
			isa = PBXTargetDependency;
			target = 5A3F238C2AF32288008BE20F /* ListNavDemo */;
			targetProxy = 5A3F239E2AF32289008BE20F /* PBXContainerItemProxy */;
		};
		5A3F23A92AF32289008BE20F /* PBXTargetDependency */ = {
			isa = PBXTargetDependency;
			target = 5A3F238C2AF32288008BE20F /* ListNavDemo */;
			targetProxy = 5A3F23A82AF32289008BE20F /* PBXContainerItemProxy */;
		};
/* End PBXTargetDependency section */

/* Begin XCBuildConfiguration section */
		5A3F23AF2AF32289008BE20F /* Debug */ = {
			isa = XCBuildConfiguration;
			buildSettings = {
				ALWAYS_SEARCH_USER_PATHS = NO;
				CLANG_ANALYZER_NONNULL = YES;
				CLANG_ANALYZER_NUMBER_OBJECT_CONVERSION = YES_AGGRESSIVE;
				CLANG_CXX_LANGUAGE_STANDARD = "gnu++20";
				CLANG_ENABLE_MODULES = YES;
				CLANG_ENABLE_OBJC_ARC = YES;
				CLANG_ENABLE_OBJC_WEAK = YES;
				CLANG_WARN_BLOCK_CAPTURE_AUTORELEASING = YES;
				CLANG_WARN_BOOL_CONVERSION = YES;
				CLANG_WARN_COMMA = YES;
				CLANG_WARN_CONSTANT_CONVERSION = YES;
				CLANG_WARN_DEPRECATED_OBJC_IMPLEMENTATIONS = YES;
				CLANG_WARN_DIRECT_OBJC_ISA_USAGE = YES_ERROR;
				CLANG_WARN_DOCUMENTATION_COMMENTS = YES;
				CLANG_WARN_EMPTY_BODY = YES;
				CLANG_WARN_ENUM_CONVERSION = YES;
				CLANG_WARN_INFINITE_RECURSION = YES;
				CLANG_WARN_INT_CONVERSION = YES;
				CLANG_WARN_NON_LITERAL_NULL_CONVERSION = YES;
				CLANG_WARN_OBJC_IMPLICIT_RETAIN_SELF = YES;
				CLANG_WARN_OBJC_LITERAL_CONVERSION = YES;
				CLANG_WARN_OBJC_ROOT_CLASS = YES_ERROR;
				CLANG_WARN_QUOTED_INCLUDE_IN_FRAMEWORK_HEADER = YES;
				CLANG_WARN_RANGE_LOOP_ANALYSIS = YES;
				CLANG_WARN_STRICT_PROTOTYPES = YES;
				CLANG_WARN_SUSPICIOUS_MOVE = YES;
				CLANG_WARN_UNGUARDED_AVAILABILITY = YES_AGGRESSIVE;
				CLANG_WARN_UNREACHABLE_CODE = YES;
				CLANG_WARN__DUPLICATE_METHOD_MATCH = YES;
				COPY_PHASE_STRIP = NO;
				DEBUG_INFORMATION_FORMAT = dwarf;
				ENABLE_STRICT_OBJC_MSGSEND = YES;
				ENABLE_TESTABILITY = YES;
				GCC_C_LANGUAGE_STANDARD = gnu11;
				GCC_DYNAMIC_NO_PIC = NO;
				GCC_NO_COMMON_BLOCKS = YES;
				GCC_OPTIMIZATION_LEVEL = 0;
				GCC_PREPROCESSOR_DEFINITIONS = (
					"DEBUG=1",
					"$(inherited)",
				);
				GCC_WARN_64_TO_32_BIT_CONVERSION = YES;
				GCC_WARN_ABOUT_RETURN_TYPE = YES_ERROR;
				GCC_WARN_UNDECLARED_SELECTOR = YES;
				GCC_WARN_UNINITIALIZED_AUTOS = YES_AGGRESSIVE;
				GCC_WARN_UNUSED_FUNCTION = YES;
				GCC_WARN_UNUSED_VARIABLE = YES;
				IPHONEOS_DEPLOYMENT_TARGET = 16.4;
				MTL_ENABLE_DEBUG_INFO = INCLUDE_SOURCE;
				MTL_FAST_MATH = YES;
				ONLY_ACTIVE_ARCH = YES;
				SDKROOT = iphoneos;
				SWIFT_ACTIVE_COMPILATION_CONDITIONS = DEBUG;
				SWIFT_OPTIMIZATION_LEVEL = "-Onone";
			};
			name = Debug;
		};
		5A3F23B02AF32289008BE20F /* Release */ = {
			isa = XCBuildConfiguration;
			buildSettings = {
				ALWAYS_SEARCH_USER_PATHS = NO;
				CLANG_ANALYZER_NONNULL = YES;
				CLANG_ANALYZER_NUMBER_OBJECT_CONVERSION = YES_AGGRESSIVE;
				CLANG_CXX_LANGUAGE_STANDARD = "gnu++20";
				CLANG_ENABLE_MODULES = YES;
				CLANG_ENABLE_OBJC_ARC = YES;
				CLANG_ENABLE_OBJC_WEAK = YES;
				CLANG_WARN_BLOCK_CAPTURE_AUTORELEASING = YES;
				CLANG_WARN_BOOL_CONVERSION = YES;
				CLANG_WARN_COMMA = YES;
				CLANG_WARN_CONSTANT_CONVERSION = YES;
				CLANG_WARN_DEPRECATED_OBJC_IMPLEMENTATIONS = YES;
				CLANG_WARN_DIRECT_OBJC_ISA_USAGE = YES_ERROR;
				CLANG_WARN_DOCUMENTATION_COMMENTS = YES;
				CLANG_WARN_EMPTY_BODY = YES;
				CLANG_WARN_ENUM_CONVERSION = YES;
				CLANG_WARN_INFINITE_RECURSION = YES;
				CLANG_WARN_INT_CONVERSION = YES;
				CLANG_WARN_NON_LITERAL_NULL_CONVERSION = YES;
				CLANG_WARN_OBJC_IMPLICIT_RETAIN_SELF = YES;
				CLANG_WARN_OBJC_LITERAL_CONVERSION = YES;
				CLANG_WARN_OBJC_ROOT_CLASS = YES_ERROR;
				CLANG_WARN_QUOTED_INCLUDE_IN_FRAMEWORK_HEADER = YES;
				CLANG_WARN_RANGE_LOOP_ANALYSIS = YES;
				CLANG_WARN_STRICT_PROTOTYPES = YES;
				CLANG_WARN_SUSPICIOUS_MOVE = YES;
				CLANG_WARN_UNGUARDED_AVAILABILITY = YES_AGGRESSIVE;
				CLANG_WARN_UNREACHABLE_CODE = YES;
				CLANG_WARN__DUPLICATE_METHOD_MATCH = YES;
				COPY_PHASE_STRIP = NO;
				DEBUG_INFORMATION_FORMAT = "dwarf-with-dsym";
				ENABLE_NS_ASSERTIONS = NO;
				ENABLE_STRICT_OBJC_MSGSEND = YES;
				GCC_C_LANGUAGE_STANDARD = gnu11;
				GCC_NO_COMMON_BLOCKS = YES;
				GCC_WARN_64_TO_32_BIT_CONVERSION = YES;
				GCC_WARN_ABOUT_RETURN_TYPE = YES_ERROR;
				GCC_WARN_UNDECLARED_SELECTOR = YES;
				GCC_WARN_UNINITIALIZED_AUTOS = YES_AGGRESSIVE;
				GCC_WARN_UNUSED_FUNCTION = YES;
				GCC_WARN_UNUSED_VARIABLE = YES;
				IPHONEOS_DEPLOYMENT_TARGET = 16.4;
				MTL_ENABLE_DEBUG_INFO = NO;
				MTL_FAST_MATH = YES;
				SDKROOT = iphoneos;
				SWIFT_COMPILATION_MODE = wholemodule;
				SWIFT_OPTIMIZATION_LEVEL = "-O";
				VALIDATE_PRODUCT = YES;
			};
			name = Release;
		};
		5A3F23B22AF32289008BE20F /* Debug */ = {
			isa = XCBuildConfiguration;
			buildSettings = {
				ASSETCATALOG_COMPILER_APPICON_NAME = AppIcon;
				ASSETCATALOG_COMPILER_GLOBAL_ACCENT_COLOR_NAME = AccentColor;
				CODE_SIGN_STYLE = Automatic;
				CURRENT_PROJECT_VERSION = 1;
				DEVELOPMENT_ASSET_PATHS = "\"ListNavDemo/Preview Content\"";
				ENABLE_PREVIEWS = YES;
				GENERATE_INFOPLIST_FILE = YES;
				INFOPLIST_KEY_UIApplicationSceneManifest_Generation = YES;
				INFOPLIST_KEY_UIApplicationSupportsIndirectInputEvents = YES;
				INFOPLIST_KEY_UILaunchScreen_Generation = YES;
				INFOPLIST_KEY_UISupportedInterfaceOrientations_iPad = "UIInterfaceOrientationPortrait UIInterfaceOrientationPortraitUpsideDown UIInterfaceOrientationLandscapeLeft UIInterfaceOrientationLandscapeRight";
				INFOPLIST_KEY_UISupportedInterfaceOrientations_iPhone = "UIInterfaceOrientationPortrait UIInterfaceOrientationLandscapeLeft UIInterfaceOrientationLandscapeRight";
				LD_RUNPATH_SEARCH_PATHS = (
					"$(inherited)",
					"@executable_path/Frameworks",
				);
				MARKETING_VERSION = 1.0;
				PRODUCT_BUNDLE_IDENTIFIER = Sample.ListNavDemo;
				PRODUCT_NAME = "$(TARGET_NAME)";
				SWIFT_EMIT_LOC_STRINGS = YES;
				SWIFT_VERSION = 5.0;
				TARGETED_DEVICE_FAMILY = "1,2";
			};
			name = Debug;
		};
		5A3F23B32AF32289008BE20F /* Release */ = {
			isa = XCBuildConfiguration;
			buildSettings = {
				ASSETCATALOG_COMPILER_APPICON_NAME = AppIcon;
				ASSETCATALOG_COMPILER_GLOBAL_ACCENT_COLOR_NAME = AccentColor;
				CODE_SIGN_STYLE = Automatic;
				CURRENT_PROJECT_VERSION = 1;
				DEVELOPMENT_ASSET_PATHS = "\"ListNavDemo/Preview Content\"";
				ENABLE_PREVIEWS = YES;
				GENERATE_INFOPLIST_FILE = YES;
				INFOPLIST_KEY_UIApplicationSceneManifest_Generation = YES;
				INFOPLIST_KEY_UIApplicationSupportsIndirectInputEvents = YES;
				INFOPLIST_KEY_UILaunchScreen_Generation = YES;
				INFOPLIST_KEY_UISupportedInterfaceOrientations_iPad = "UIInterfaceOrientationPortrait UIInterfaceOrientationPortraitUpsideDown UIInterfaceOrientationLandscapeLeft UIInterfaceOrientationLandscapeRight";
				INFOPLIST_KEY_UISupportedInterfaceOrientations_iPhone = "UIInterfaceOrientationPortrait UIInterfaceOrientationLandscapeLeft UIInterfaceOrientationLandscapeRight";
				LD_RUNPATH_SEARCH_PATHS = (
					"$(inherited)",
					"@executable_path/Frameworks",
				);
				MARKETING_VERSION = 1.0;
				PRODUCT_BUNDLE_IDENTIFIER = Sample.ListNavDemo;
				PRODUCT_NAME = "$(TARGET_NAME)";
				SWIFT_EMIT_LOC_STRINGS = YES;
				SWIFT_VERSION = 5.0;
				TARGETED_DEVICE_FAMILY = "1,2";
			};
			name = Release;
		};
		5A3F23B52AF32289008BE20F /* Debug */ = {
			isa = XCBuildConfiguration;
			buildSettings = {
				ALWAYS_EMBED_SWIFT_STANDARD_LIBRARIES = YES;
				BUNDLE_LOADER = "$(TEST_HOST)";
				CODE_SIGN_STYLE = Automatic;
				CURRENT_PROJECT_VERSION = 1;
				GENERATE_INFOPLIST_FILE = YES;
				IPHONEOS_DEPLOYMENT_TARGET = 16.4;
				MARKETING_VERSION = 1.0;
				PRODUCT_BUNDLE_IDENTIFIER = Sample.ListNavDemoTests;
				PRODUCT_NAME = "$(TARGET_NAME)";
				SWIFT_EMIT_LOC_STRINGS = NO;
				SWIFT_VERSION = 5.0;
				TARGETED_DEVICE_FAMILY = "1,2";
				TEST_HOST = "$(BUILT_PRODUCTS_DIR)/ListNavDemo.app/$(BUNDLE_EXECUTABLE_FOLDER_PATH)/ListNavDemo";
			};
			name = Debug;
		};
		5A3F23B62AF32289008BE20F /* Release */ = {
			isa = XCBuildConfiguration;
			buildSettings = {
				ALWAYS_EMBED_SWIFT_STANDARD_LIBRARIES = YES;
				BUNDLE_LOADER = "$(TEST_HOST)";
				CODE_SIGN_STYLE = Automatic;
				CURRENT_PROJECT_VERSION = 1;
				GENERATE_INFOPLIST_FILE = YES;
				IPHONEOS_DEPLOYMENT_TARGET = 16.4;
				MARKETING_VERSION = 1.0;
				PRODUCT_BUNDLE_IDENTIFIER = Sample.ListNavDemoTests;
				PRODUCT_NAME = "$(TARGET_NAME)";
				SWIFT_EMIT_LOC_STRINGS = NO;
				SWIFT_VERSION = 5.0;
				TARGETED_DEVICE_FAMILY = "1,2";
				TEST_HOST = "$(BUILT_PRODUCTS_DIR)/ListNavDemo.app/$(BUNDLE_EXECUTABLE_FOLDER_PATH)/ListNavDemo";
			};
			name = Release;
		};
		5A3F23B82AF32289008BE20F /* Debug */ = {
			isa = XCBuildConfiguration;
			buildSettings = {
				ALWAYS_EMBED_SWIFT_STANDARD_LIBRARIES = YES;
				CODE_SIGN_STYLE = Automatic;
				CURRENT_PROJECT_VERSION = 1;
				GENERATE_INFOPLIST_FILE = YES;
				MARKETING_VERSION = 1.0;
				PRODUCT_BUNDLE_IDENTIFIER = Sample.ListNavDemoUITests;
				PRODUCT_NAME = "$(TARGET_NAME)";
				SWIFT_EMIT_LOC_STRINGS = NO;
				SWIFT_VERSION = 5.0;
				TARGETED_DEVICE_FAMILY = "1,2";
				TEST_TARGET_NAME = ListNavDemo;
			};
			name = Debug;
		};
		5A3F23B92AF32289008BE20F /* Release */ = {
			isa = XCBuildConfiguration;
			buildSettings = {
				ALWAYS_EMBED_SWIFT_STANDARD_LIBRARIES = YES;
				CODE_SIGN_STYLE = Automatic;
				CURRENT_PROJECT_VERSION = 1;
				GENERATE_INFOPLIST_FILE = YES;
				MARKETING_VERSION = 1.0;
				PRODUCT_BUNDLE_IDENTIFIER = Sample.ListNavDemoUITests;
				PRODUCT_NAME = "$(TARGET_NAME)";
				SWIFT_EMIT_LOC_STRINGS = NO;
				SWIFT_VERSION = 5.0;
				TARGETED_DEVICE_FAMILY = "1,2";
				TEST_TARGET_NAME = ListNavDemo;
			};
			name = Release;
		};
/* End XCBuildConfiguration section */

/* Begin XCConfigurationList section */
		5A3F23882AF32288008BE20F /* Build configuration list for PBXProject "ListNavDemo" */ = {
			isa = XCConfigurationList;
			buildConfigurations = (
				5A3F23AF2AF32289008BE20F /* Debug */,
				5A3F23B02AF32289008BE20F /* Release */,
			);
			defaultConfigurationIsVisible = 0;
			defaultConfigurationName = Release;
		};
		5A3F23B12AF32289008BE20F /* Build configuration list for PBXNativeTarget "ListNavDemo" */ = {
			isa = XCConfigurationList;
			buildConfigurations = (
				5A3F23B22AF32289008BE20F /* Debug */,
				5A3F23B32AF32289008BE20F /* Release */,
			);
			defaultConfigurationIsVisible = 0;
			defaultConfigurationName = Release;
		};
		5A3F23B42AF32289008BE20F /* Build configuration list for PBXNativeTarget "ListNavDemoTests" */ = {
			isa = XCConfigurationList;
			buildConfigurations = (
				5A3F23B52AF32289008BE20F /* Debug */,
				5A3F23B62AF32289008BE20F /* Release */,
			);
			defaultConfigurationIsVisible = 0;
			defaultConfigurationName = Release;
		};
		5A3F23B72AF32289008BE20F /* Build configuration list for PBXNativeTarget "ListNavDemoUITests" */ = {
			isa = XCConfigurationList;
			buildConfigurations = (
				5A3F23B82AF32289008BE20F /* Debug */,
				5A3F23B92AF32289008BE20F /* Release */,
			);
			defaultConfigurationIsVisible = 0;
			defaultConfigurationName = Release;
		};
/* End XCConfigurationList section */
	};
	rootObject = 5A3F23852AF32288008BE20F /* Project object */;
}
